
Microsoft Visual Studio Solution File, Format Version 12.00
# Visual Studio Version 17
VisualStudioVersion = 17.8.34330.188
MinimumVisualStudioVersion = 10.0.40219.1
Project("{FAE04EC0-301F-11D3-BF4B-00C04F79EFBC}") = "Nowyprojekt", "Nowyprojekt\Nowyprojekt.csproj", "{BD1533A9-39DA-4B2C-935C-556F2B8FDEF9}"
EndProject
Global
	GlobalSection(SolutionConfigurationPlatforms) = preSolution
		Debug|Any CPU = Debug|Any CPU
		Release|Any CPU = Release|Any CPU
	EndGlobalSection
	GlobalSection(ProjectConfigurationPlatforms) = postSolution
		{BD1533A9-39DA-4B2C-935C-556F2B8FDEF9}.Debug|Any CPU.ActiveCfg = Debug|Any CPU
		{BD1533A9-39DA-4B2C-935C-556F2B8FDEF9}.Debug|Any CPU.Build.0 = Debug|Any CPU
		{BD1533A9-39DA-4B2C-935C-556F2B8FDEF9}.Release|Any CPU.ActiveCfg = Release|Any CPU
		{BD1533A9-39DA-4B2C-935C-556F2B8FDEF9}.Release|Any CPU.Build.0 = Release|Any CPU
	EndGlobalSection
	GlobalSection(SolutionProperties) = preSolution
		HideSolutionNode = FALSE
	EndGlobalSection
	GlobalSection(ExtensibilityGlobals) = postSolution
		SolutionGuid = {BAF53F7C-0F4B-434C-A41C-7BEEFA538D75}
	EndGlobalSection
EndGlobal
