
Microsoft Visual Studio Solution File, Format Version 12.00
# Visual Studio Version 17
VisualStudioVersion = 17.8.34330.188
MinimumVisualStudioVersion = 10.0.40219.1
Project("{FAE04EC0-301F-11D3-BF4B-00C04F79EFBC}") = "Nowyprojekt", "Nowyprojekt\Nowyprojekt.csproj", "{3378DA7D-9665-4157-9A55-125C05FF753D}"
EndProject
Global
	GlobalSection(SolutionConfigurationPlatforms) = preSolution
		Debug|Any CPU = Debug|Any CPU
		Release|Any CPU = Release|Any CPU
	EndGlobalSection
	GlobalSection(ProjectConfigurationPlatforms) = postSolution
		{3378DA7D-9665-4157-9A55-125C05FF753D}.Debug|Any CPU.ActiveCfg = Debug|Any CPU
		{3378DA7D-9665-4157-9A55-125C05FF753D}.Debug|Any CPU.Build.0 = Debug|Any CPU
		{3378DA7D-9665-4157-9A55-125C05FF753D}.Release|Any CPU.ActiveCfg = Release|Any CPU
		{3378DA7D-9665-4157-9A55-125C05FF753D}.Release|Any CPU.Build.0 = Release|Any CPU
	EndGlobalSection
	GlobalSection(SolutionProperties) = preSolution
		HideSolutionNode = FALSE
	EndGlobalSection
	GlobalSection(ExtensibilityGlobals) = postSolution
		SolutionGuid = {C2B8B0C2-43C8-42AC-B097-A2E1825BD4E9}
	EndGlobalSection
EndGlobal
